
Microsoft Visual Studio Solution File, Format Version 12.00
# Visual Studio 15
VisualStudioVersion = 15.0.27428.2005
MinimumVisualStudioVersion = 10.0.40219.1
Project("{FAE04EC0-301F-11D3-BF4B-00C04F79EFBC}") = "Task_Dev2", "Task_Dev2\Task_Dev2.csproj", "{8A2D9762-FFCE-4E86-9A1E-26A6A963490B}"
EndProject
Project("{FAE04EC0-301F-11D3-BF4B-00C04F79EFBC}") = "xUnitTestTask_Dev2", "xUnitTestTask_Dev2\xUnitTestTask_Dev2.csproj", "{2E3DF5C2-8A38-4A03-86D7-8D463C917E47}"
EndProject
Global
	GlobalSection(SolutionConfigurationPlatforms) = preSolution
		Debug|Any CPU = Debug|Any CPU
		Release|Any CPU = Release|Any CPU
	EndGlobalSection
	GlobalSection(ProjectConfigurationPlatforms) = postSolution
		{8A2D9762-FFCE-4E86-9A1E-26A6A963490B}.Debug|Any CPU.ActiveCfg = Debug|Any CPU
		{8A2D9762-FFCE-4E86-9A1E-26A6A963490B}.Debug|Any CPU.Build.0 = Debug|Any CPU
		{8A2D9762-FFCE-4E86-9A1E-26A6A963490B}.Release|Any CPU.ActiveCfg = Release|Any CPU
		{8A2D9762-FFCE-4E86-9A1E-26A6A963490B}.Release|Any CPU.Build.0 = Release|Any CPU
		{2E3DF5C2-8A38-4A03-86D7-8D463C917E47}.Debug|Any CPU.ActiveCfg = Debug|Any CPU
		{2E3DF5C2-8A38-4A03-86D7-8D463C917E47}.Debug|Any CPU.Build.0 = Debug|Any CPU
		{2E3DF5C2-8A38-4A03-86D7-8D463C917E47}.Release|Any CPU.ActiveCfg = Release|Any CPU
		{2E3DF5C2-8A38-4A03-86D7-8D463C917E47}.Release|Any CPU.Build.0 = Release|Any CPU
	EndGlobalSection
	GlobalSection(SolutionProperties) = preSolution
		HideSolutionNode = FALSE
	EndGlobalSection
	GlobalSection(ExtensibilityGlobals) = postSolution
		SolutionGuid = {F5AECC76-F93D-487A-9469-BB8F52B7F6AE}
	EndGlobalSection
EndGlobal
