
Microsoft Visual Studio Solution File, Format Version 12.00
# Visual Studio 15
VisualStudioVersion = 15.0.27428.2005
MinimumVisualStudioVersion = 10.0.40219.1
Project("{FAE04EC0-301F-11D3-BF4B-00C04F79EFBC}") = "Task_1kr", "Task_1kr\Task_1kr.csproj", "{A0A8B7F4-9A0E-4D81-93C3-310818927392}"
EndProject
Global
	GlobalSection(SolutionConfigurationPlatforms) = preSolution
		Debug|Any CPU = Debug|Any CPU
		Release|Any CPU = Release|Any CPU
	EndGlobalSection
	GlobalSection(ProjectConfigurationPlatforms) = postSolution
		{A0A8B7F4-9A0E-4D81-93C3-310818927392}.Debug|Any CPU.ActiveCfg = Debug|Any CPU
		{A0A8B7F4-9A0E-4D81-93C3-310818927392}.Debug|Any CPU.Build.0 = Debug|Any CPU
		{A0A8B7F4-9A0E-4D81-93C3-310818927392}.Release|Any CPU.ActiveCfg = Release|Any CPU
		{A0A8B7F4-9A0E-4D81-93C3-310818927392}.Release|Any CPU.Build.0 = Release|Any CPU
	EndGlobalSection
	GlobalSection(SolutionProperties) = preSolution
		HideSolutionNode = FALSE
	EndGlobalSection
	GlobalSection(ExtensibilityGlobals) = postSolution
		SolutionGuid = {79F084D9-3686-49C9-8559-2689B5186D08}
	EndGlobalSection
EndGlobal
